
Microsoft Visual Studio Solution File, Format Version 12.00
# Visual Studio Version 17
VisualStudioVersion = 17.3.32922.545
MinimumVisualStudioVersion = 10.0.40219.1
Project("{FAE04EC0-301F-11D3-BF4B-00C04F79EFBC}") = "Project", "Project\Project.csproj", "{96B76A13-3FA3-45DA-8C60-9C419628A00E}"
EndProject
Global
	GlobalSection(SolutionConfigurationPlatforms) = preSolution
		Debug|Any CPU = Debug|Any CPU
		Release|Any CPU = Release|Any CPU
	EndGlobalSection
	GlobalSection(ProjectConfigurationPlatforms) = postSolution
		{96B76A13-3FA3-45DA-8C60-9C419628A00E}.Debug|Any CPU.ActiveCfg = Debug|Any CPU
		{96B76A13-3FA3-45DA-8C60-9C419628A00E}.Debug|Any CPU.Build.0 = Debug|Any CPU
		{96B76A13-3FA3-45DA-8C60-9C419628A00E}.Release|Any CPU.ActiveCfg = Release|Any CPU
		{96B76A13-3FA3-45DA-8C60-9C419628A00E}.Release|Any CPU.Build.0 = Release|Any CPU
	EndGlobalSection
	GlobalSection(SolutionProperties) = preSolution
		HideSolutionNode = FALSE
	EndGlobalSection
	GlobalSection(ExtensibilityGlobals) = postSolution
		SolutionGuid = {52A8D944-E911-4CB9-9760-B193B09A44E2}
	EndGlobalSection
EndGlobal
